{
  "version": 4,
  "terraform_version": "1.14.3",
  "serial": 73,
  "lineage": "f1280ff2-d1df-7b03-d897-3c8eaa5d7dca",
  "outputs": {},
  "resources": [
    {
      "mode": "managed",
      "type": "yandex_iam_service_account",
      "name": "storage-sa",
      "provider": "provider[\"registry.terraform.io/yandex-cloud/yandex\"]",
      "instances": [
        {
          "schema_version": 1,
          "attributes": {
            "created_at": "2026-01-09T11:42:45Z",
            "description": "Service account for Object Storage access",
            "folder_id": "b1gk1c6nocmhh7mbsu6v",
            "id": "ajet5902segfjj2cpc6l",
            "labels": null,
            "name": "todo-app-v2-storage-sa",
            "service_account_id": "ajet5902segfjj2cpc6l",
            "timeouts": null
          },
          "sensitive_attributes": [],
          "identity_schema_version": 0
        }
      ]
    },
    {
      "mode": "managed",
      "type": "yandex_iam_service_account_static_access_key",
      "name": "storage-sa-key",
      "provider": "provider[\"registry.terraform.io/yandex-cloud/yandex\"]",
      "instances": [
        {
          "schema_version": 0,
          "attributes": {
            "access_key": "YCAJEYlzcwIzRFVUe9P9kHBsi",
            "created_at": "2026-01-09T11:42:46Z",
            "description": "Static access key for Object Storage",
            "encrypted_secret_key": null,
            "id": "ajeosqb0m8mr9s8v9obc",
            "key_fingerprint": null,
            "output_to_lockbox": [],
            "output_to_lockbox_version_id": null,
            "pgp_key": null,
            "secret_key": "YCOkNGJflrbGFVMGX0E7QhpsCgR61nriaFs8hXXY",
            "service_account_id": "ajet5902segfjj2cpc6l"
          },
          "sensitive_attributes": [
            [
              {
                "type": "get_attr",
                "value": "secret_key"
              }
            ]
          ],
          "identity_schema_version": 0,
          "private": "bnVsbA==",
          "dependencies": [
            "yandex_iam_service_account.storage-sa"
          ]
        }
      ]
    },
    {
      "mode": "managed",
      "type": "yandex_storage_bucket",
      "name": "static-files",
      "provider": "provider[\"registry.terraform.io/yandex-cloud/yandex\"]",
      "instances": [
        {
          "schema_version": 1,
          "attributes": {
            "access_key": "YCAJEYlzcwIzRFVUe9P9kHBsi",
            "acl": null,
            "anonymous_access_flags": [
              {
                "config_read": false,
                "list": false,
                "read": false
              }
            ],
            "bucket": "todo-app-v2-static-files-20250109",
            "bucket_domain_name": "todo-app-v2-static-files-20250109.storage.yandexcloud.net",
            "bucket_prefix": null,
            "cors_rule": [
              {
                "allowed_headers": [
                  "*"
                ],
                "allowed_methods": [
                  "GET",
                  "PUT",
                  "POST",
                  "DELETE"
                ],
                "allowed_origins": [
                  "*"
                ],
                "expose_headers": [
                  "ETag"
                ],
                "max_age_seconds": 3600
              }
            ],
            "default_storage_class": "STANDARD",
            "folder_id": "b1gk1c6nocmhh7mbsu6v",
            "force_destroy": false,
            "grant": [],
            "https": [],
            "id": "todo-app-v2-static-files-20250109",
            "lifecycle_rule": [],
            "logging": [],
            "max_size": 0,
            "object_lock_configuration": [],
            "policy": "",
            "secret_key": "YCOkNGJflrbGFVMGX0E7QhpsCgR61nriaFs8hXXY",
            "server_side_encryption_configuration": [],
            "tags": {},
            "versioning": [
              {
                "enabled": false
              }
            ],
            "website": [],
            "website_domain": null,
            "website_endpoint": null
          },
          "sensitive_attributes": [
            [
              {
                "type": "get_attr",
                "value": "secret_key"
              }
            ]
          ],
          "identity_schema_version": 0,
          "private": "eyJzY2hlbWFfdmVyc2lvbiI6IjEifQ==",
          "dependencies": [
            "yandex_iam_service_account.storage-sa",
            "yandex_iam_service_account_static_access_key.storage-sa-key"
          ]
        }
      ]
    }
  ],
  "check_results": null
}
